{
  "requires": true,
  "lockfileVersion": 1,
  "dependencies": {
    "dotenv": {
      "version": "5.0.1",
      "resolved": "https://registry.npmjs.org/dotenv/-/dotenv-5.0.1.tgz",
      "integrity": "sha512-4As8uPrjfwb7VXC+WnLCbXK7y+Ueb2B3zgNCePYfhxS1PYeaO1YTeplffTEcbfLhvFNGLAz90VvJs9yomG7bow=="
    },
    "typed.js": {
      "version": "2.0.6",
      "resolved": "https://registry.npmjs.org/typed.js/-/typed.js-2.0.6.tgz",
      "integrity": "sha512-aGmMVR/J3fD4Dm3WWs1xb44ts47oQnYVgm2RF4BTMDdMpQIru0Jqa/lOkEzcS6eQWucA0lQl08rHgmNdvXkycQ=="
    }
  }
}
